
Microsoft Visual Studio Solution File, Format Version 12.00
# Visual Studio Version 17
VisualStudioVersion = 17.4.33403.182
MinimumVisualStudioVersion = 10.0.40219.1
Project("{FAE04EC0-301F-11D3-BF4B-00C04F79EFBC}") = "Student", "Student\Student.csproj", "{DDBCB37A-F2F4-442B-A66E-8A89E74BAAEE}"
EndProject
Global
	GlobalSection(SolutionConfigurationPlatforms) = preSolution
		Debug|Any CPU = Debug|Any CPU
		Release|Any CPU = Release|Any CPU
	EndGlobalSection
	GlobalSection(ProjectConfigurationPlatforms) = postSolution
		{DDBCB37A-F2F4-442B-A66E-8A89E74BAAEE}.Debug|Any CPU.ActiveCfg = Debug|Any CPU
		{DDBCB37A-F2F4-442B-A66E-8A89E74BAAEE}.Debug|Any CPU.Build.0 = Debug|Any CPU
		{DDBCB37A-F2F4-442B-A66E-8A89E74BAAEE}.Release|Any CPU.ActiveCfg = Release|Any CPU
		{DDBCB37A-F2F4-442B-A66E-8A89E74BAAEE}.Release|Any CPU.Build.0 = Release|Any CPU
	EndGlobalSection
	GlobalSection(SolutionProperties) = preSolution
		HideSolutionNode = FALSE
	EndGlobalSection
	GlobalSection(ExtensibilityGlobals) = postSolution
		SolutionGuid = {19BAA582-1213-46D3-A3FA-2A1055723B98}
	EndGlobalSection
EndGlobal
